# This file is automatically @generated by Poetry 1.6.1 and should not be changed by hand.

[[package]]
name = "jdatetime"
version = "4.1.1"
description = "Jalali datetime binding for python"
optional = false
python-versions = ">=3.7"
files = [
    {file = "jdatetime-4.1.1-py3-none-any.whl", hash = "sha256:8b56c702406eaf84d2ad673c41180488f8c77f156c3ac0630ce0caabaf6af5b8"},
    {file = "jdatetime-4.1.1.tar.gz", hash = "sha256:1dd0ee210160c7bd30002803c443e6260ac602ea65b065652a1d567d3bfdca7a"},
]

[[package]]
name = "python-dateutil"
version = "2.8.2"
description = "Extensions to the standard Python datetime module"
optional = false
python-versions = "!=3.0.*,!=3.1.*,!=3.2.*,>=2.7"
files = [
    {file = "python-dateutil-2.8.2.tar.gz", hash = "sha256:0123cacc1627ae19ddf3c27a5de5bd67ee4586fbdd6440d9748f8abb483d3e86"},
    {file = "python_dateutil-2.8.2-py2.py3-none-any.whl", hash = "sha256:961d03dc3453ebbc59dbdea9e4e11c5651520a876d0f4db161e8674aae935da9"},
]

[package.dependencies]
six = ">=1.5"

[[package]]
name = "six"
version = "1.16.0"
description = "Python 2 and 3 compatibility utilities"
optional = false
python-versions = ">=2.7, !=3.0.*, !=3.1.*, !=3.2.*"
files = [
    {file = "six-1.16.0-py2.py3-none-any.whl", hash = "sha256:8abb2f1d86890a2dfb989f9a77cfcfd3e47c2a354b01111771326f8aa26e0254"},
    {file = "six-1.16.0.tar.gz", hash = "sha256:1e61c37477a1626458e36f7b1d82aa5c9b094fa4802892072e49de9c60c4c926"},
]

[metadata]
lock-version = "2.0"
python-versions = "^3.10"
content-hash = "a477a3c9446407db722732cbabb56f0853bf4726ed148b90794419749f820427"
